
Microsoft Visual Studio Solution File, Format Version 12.00
# Visual Studio Version 16
VisualStudioVersion = 16.0.29709.97
MinimumVisualStudioVersion = 10.0.40219.1
Project("{FAE04EC0-301F-11D3-BF4B-00C04F79EFBC}") = "tcSlnFormBuilder", "tcSlnFormBuilder.csproj", "{A6F425C7-065B-474C-8B40-5A2202774E25}"
EndProject
Global
	GlobalSection(SolutionConfigurationPlatforms) = preSolution
		Debug|Any CPU = Debug|Any CPU
		Release|Any CPU = Release|Any CPU
	EndGlobalSection
	GlobalSection(ProjectConfigurationPlatforms) = postSolution
		{A6F425C7-065B-474C-8B40-5A2202774E25}.Debug|Any CPU.ActiveCfg = Debug|Any CPU
		{A6F425C7-065B-474C-8B40-5A2202774E25}.Debug|Any CPU.Build.0 = Debug|Any CPU
		{A6F425C7-065B-474C-8B40-5A2202774E25}.Release|Any CPU.ActiveCfg = Release|Any CPU
		{A6F425C7-065B-474C-8B40-5A2202774E25}.Release|Any CPU.Build.0 = Release|Any CPU
	EndGlobalSection
	GlobalSection(SolutionProperties) = preSolution
		HideSolutionNode = FALSE
	EndGlobalSection
	GlobalSection(ExtensibilityGlobals) = postSolution
		SolutionGuid = {6EC7C62E-06F8-4F31-A420-E7AF1FCF3CF4}
	EndGlobalSection
EndGlobal
